// !$*UTF8*$!
{
	archiveVersion = 1;
	classes = {
	};
	objectVersion = 46;
	objects = {

/* Begin PBXBuildFile section */
		596A40061AC5B5490040A8AE /* main.m in Sources */ = {isa = PBXBuildFile; fileRef = 596A40051AC5B5490040A8AE /* main.m */; };
		596A40091AC5B5490040A8AE /* AppDelegate.m in Sources */ = {isa = PBXBuildFile; fileRef = 596A40081AC5B5490040A8AE /* AppDelegate.m */; };
		596A400B1AC5B5490040A8AE /* Images.xcassets in Resources */ = {isa = PBXBuildFile; fileRef = 596A400A1AC5B5490040A8AE /* Images.xcassets */; };
		596A400E1AC5B5490040A8AE /* LaunchScreen.xib in Resources */ = {isa = PBXBuildFile; fileRef = 596A400C1AC5B5490040A8AE /* LaunchScreen.xib */; };
		596A401A1AC5B5490040A8AE /* HackerBooksTests.m in Sources */ = {isa = PBXBuildFile; fileRef = 596A40191AC5B5490040A8AE /* HackerBooksTests.m */; };
		596A40251AC5B87F0040A8AE /* DTCBook.m in Sources */ = {isa = PBXBuildFile; fileRef = 596A40241AC5B87F0040A8AE /* DTCBook.m */; };
		596A402A1AC5BE140040A8AE /* DTCBookViewController.m in Sources */ = {isa = PBXBuildFile; fileRef = 596A40281AC5BE140040A8AE /* DTCBookViewController.m */; };
		596A402B1AC5BE140040A8AE /* DTCBookViewController.xib in Resources */ = {isa = PBXBuildFile; fileRef = 596A40291AC5BE140040A8AE /* DTCBookViewController.xib */; };
		596A40331AC5C5840040A8AE /* favorite-filled.png in Resources */ = {isa = PBXBuildFile; fileRef = 596A402D1AC5C5840040A8AE /* favorite-filled.png */; };
		596A40341AC5C5840040A8AE /* favorite-filled@2x.png in Resources */ = {isa = PBXBuildFile; fileRef = 596A402E1AC5C5840040A8AE /* favorite-filled@2x.png */; };
		596A40351AC5C5840040A8AE /* favorite-filled@3x.png in Resources */ = {isa = PBXBuildFile; fileRef = 596A402F1AC5C5840040A8AE /* favorite-filled@3x.png */; };
		596A40361AC5C5840040A8AE /* favorite-outline.png in Resources */ = {isa = PBXBuildFile; fileRef = 596A40301AC5C5840040A8AE /* favorite-outline.png */; };
		596A40371AC5C5840040A8AE /* favorite-outline@2x.png in Resources */ = {isa = PBXBuildFile; fileRef = 596A40311AC5C5840040A8AE /* favorite-outline@2x.png */; };
		596A40381AC5C5840040A8AE /* favorite-outline@3x.png in Resources */ = {isa = PBXBuildFile; fileRef = 596A40321AC5C5840040A8AE /* favorite-outline@3x.png */; };
		596A403D1AC5C8780040A8AE /* DTCSimplePDFViewController.m in Sources */ = {isa = PBXBuildFile; fileRef = 596A403B1AC5C8780040A8AE /* DTCSimplePDFViewController.m */; };
		596A403E1AC5C8780040A8AE /* DTCSimplePDFViewController.xib in Resources */ = {isa = PBXBuildFile; fileRef = 596A403C1AC5C8780040A8AE /* DTCSimplePDFViewController.xib */; };
		59764C031ACC500700066F13 /* DTCSandboxURL.m in Sources */ = {isa = PBXBuildFile; fileRef = 59764C021ACC500700066F13 /* DTCSandboxURL.m */; };
		5976703A1AC938560018DD03 /* DTCLibrary.m in Sources */ = {isa = PBXBuildFile; fileRef = 597670391AC938560018DD03 /* DTCLibrary.m */; };
		5976703D1AC945010018DD03 /* DTCLibraryTableViewController.m in Sources */ = {isa = PBXBuildFile; fileRef = 5976703C1AC945010018DD03 /* DTCLibraryTableViewController.m */; };
		5991D2D51AD007BC004B0088 /* download-icon.png in Resources */ = {isa = PBXBuildFile; fileRef = 5991D2CF1AD007BC004B0088 /* download-icon.png */; };
		5991D2D61AD007BC004B0088 /* download-icon@2x.png in Resources */ = {isa = PBXBuildFile; fileRef = 5991D2D01AD007BC004B0088 /* download-icon@2x.png */; };
		5991D2D71AD007BC004B0088 /* download-icon@3x.png in Resources */ = {isa = PBXBuildFile; fileRef = 5991D2D11AD007BC004B0088 /* download-icon@3x.png */; };
		5991D2DE1AD00B6F004B0088 /* DTCBookTableViewCell.m in Sources */ = {isa = PBXBuildFile; fileRef = 5991D2DC1AD00B6F004B0088 /* DTCBookTableViewCell.m */; };
		5991D2DF1AD00B6F004B0088 /* DTCBookTableViewCell.xib in Resources */ = {isa = PBXBuildFile; fileRef = 5991D2DD1AD00B6F004B0088 /* DTCBookTableViewCell.xib */; };
		5991D2E31AD01028004B0088 /* downloaded-icon.png in Resources */ = {isa = PBXBuildFile; fileRef = 5991D2E01AD01028004B0088 /* downloaded-icon.png */; };
		5991D2E41AD01028004B0088 /* downloaded-icon@2x.png in Resources */ = {isa = PBXBuildFile; fileRef = 5991D2E11AD01028004B0088 /* downloaded-icon@2x.png */; };
		5991D2E51AD01028004B0088 /* downloaded-icon@3x.png in Resources */ = {isa = PBXBuildFile; fileRef = 5991D2E21AD01028004B0088 /* downloaded-icon@3x.png */; };
		59A4CC4D1AD1340B007B94CF /* Starjedi.ttf in Resources */ = {isa = PBXBuildFile; fileRef = 59A4CC4C1AD133F6007B94CF /* Starjedi.ttf */; };
		59A4CC511AD14A48007B94CF /* pen-icon.png in Resources */ = {isa = PBXBuildFile; fileRef = 59A4CC4E1AD14A48007B94CF /* pen-icon.png */; };
		59A4CC521AD14A48007B94CF /* pen-icon@2x.png in Resources */ = {isa = PBXBuildFile; fileRef = 59A4CC4F1AD14A48007B94CF /* pen-icon@2x.png */; };
		59A4CC531AD14A48007B94CF /* pen-icon@3x.png in Resources */ = {isa = PBXBuildFile; fileRef = 59A4CC501AD14A48007B94CF /* pen-icon@3x.png */; };
		59A4CC571AD14B6D007B94CF /* tag-icon.png in Resources */ = {isa = PBXBuildFile; fileRef = 59A4CC541AD14B6D007B94CF /* tag-icon.png */; };
		59A4CC581AD14B6D007B94CF /* tag-icon@2x.png in Resources */ = {isa = PBXBuildFile; fileRef = 59A4CC551AD14B6D007B94CF /* tag-icon@2x.png */; };
		59A4CC591AD14B6D007B94CF /* tag-icon@3x.png in Resources */ = {isa = PBXBuildFile; fileRef = 59A4CC561AD14B6D007B94CF /* tag-icon@3x.png */; };
		59A4CC5F1AD1A819007B94CF /* DTCBookViewController~iphone.xib in Resources */ = {isa = PBXBuildFile; fileRef = 59A4CC5E1AD1A819007B94CF /* DTCBookViewController~iphone.xib */; };
		59A4CC611AD1D726007B94CF /* Library-wallpaper.jpg in Resources */ = {isa = PBXBuildFile; fileRef = 59A4CC601AD1D726007B94CF /* Library-wallpaper.jpg */; };
/* End PBXBuildFile section */

/* Begin PBXContainerItemProxy section */
		596A40141AC5B5490040A8AE /* PBXContainerItemProxy */ = {
			isa = PBXContainerItemProxy;
			containerPortal = 596A3FF81AC5B5490040A8AE /* Project object */;
			proxyType = 1;
			remoteGlobalIDString = 596A3FFF1AC5B5490040A8AE;
			remoteInfo = HackerBooks;
		};
/* End PBXContainerItemProxy section */

/* Begin PBXFileReference section */
		596A40001AC5B5490040A8AE /* HackerBooks.app */ = {isa = PBXFileReference; explicitFileType = wrapper.application; includeInIndex = 0; path = HackerBooks.app; sourceTree = BUILT_PRODUCTS_DIR; };
		596A40041AC5B5490040A8AE /* Info.plist */ = {isa = PBXFileReference; lastKnownFileType = text.plist.xml; path = Info.plist; sourceTree = "<group>"; };
		596A40051AC5B5490040A8AE /* main.m */ = {isa = PBXFileReference; lastKnownFileType = sourcecode.c.objc; path = main.m; sourceTree = "<group>"; };
		596A40071AC5B5490040A8AE /* AppDelegate.h */ = {isa = PBXFileReference; lastKnownFileType = sourcecode.c.h; path = AppDelegate.h; sourceTree = "<group>"; };
		596A40081AC5B5490040A8AE /* AppDelegate.m */ = {isa = PBXFileReference; lastKnownFileType = sourcecode.c.objc; path = AppDelegate.m; sourceTree = "<group>"; };
		596A400A1AC5B5490040A8AE /* Images.xcassets */ = {isa = PBXFileReference; lastKnownFileType = folder.assetcatalog; path = Images.xcassets; sourceTree = "<group>"; };
		596A400D1AC5B5490040A8AE /* Base */ = {isa = PBXFileReference; lastKnownFileType = file.xib; name = Base; path = Base.lproj/LaunchScreen.xib; sourceTree = "<group>"; };
		596A40131AC5B5490040A8AE /* HackerBooksTests.xctest */ = {isa = PBXFileReference; explicitFileType = wrapper.cfbundle; includeInIndex = 0; path = HackerBooksTests.xctest; sourceTree = BUILT_PRODUCTS_DIR; };
		596A40181AC5B5490040A8AE /* Info.plist */ = {isa = PBXFileReference; lastKnownFileType = text.plist.xml; path = Info.plist; sourceTree = "<group>"; };
		596A40191AC5B5490040A8AE /* HackerBooksTests.m */ = {isa = PBXFileReference; lastKnownFileType = sourcecode.c.objc; path = HackerBooksTests.m; sourceTree = "<group>"; };
		596A40231AC5B87F0040A8AE /* DTCBook.h */ = {isa = PBXFileReference; fileEncoding = 4; lastKnownFileType = sourcecode.c.h; path = DTCBook.h; sourceTree = "<group>"; };
		596A40241AC5B87F0040A8AE /* DTCBook.m */ = {isa = PBXFileReference; fileEncoding = 4; lastKnownFileType = sourcecode.c.objc; path = DTCBook.m; sourceTree = "<group>"; };
		596A40271AC5BE140040A8AE /* DTCBookViewController.h */ = {isa = PBXFileReference; fileEncoding = 4; lastKnownFileType = sourcecode.c.h; path = DTCBookViewController.h; sourceTree = "<group>"; };
		596A40281AC5BE140040A8AE /* DTCBookViewController.m */ = {isa = PBXFileReference; fileEncoding = 4; lastKnownFileType = sourcecode.c.objc; path = DTCBookViewController.m; sourceTree = "<group>"; };
		596A40291AC5BE140040A8AE /* DTCBookViewController.xib */ = {isa = PBXFileReference; fileEncoding = 4; lastKnownFileType = file.xib; path = DTCBookViewController.xib; sourceTree = "<group>"; };
		596A402D1AC5C5840040A8AE /* favorite-filled.png */ = {isa = PBXFileReference; lastKnownFileType = image.png; path = "favorite-filled.png"; sourceTree = "<group>"; };
		596A402E1AC5C5840040A8AE /* favorite-filled@2x.png */ = {isa = PBXFileReference; lastKnownFileType = image.png; path = "favorite-filled@2x.png"; sourceTree = "<group>"; };
		596A402F1AC5C5840040A8AE /* favorite-filled@3x.png */ = {isa = PBXFileReference; lastKnownFileType = image.png; path = "favorite-filled@3x.png"; sourceTree = "<group>"; };
		596A40301AC5C5840040A8AE /* favorite-outline.png */ = {isa = PBXFileReference; lastKnownFileType = image.png; path = "favorite-outline.png"; sourceTree = "<group>"; };
		596A40311AC5C5840040A8AE /* favorite-outline@2x.png */ = {isa = PBXFileReference; lastKnownFileType = image.png; path = "favorite-outline@2x.png"; sourceTree = "<group>"; };
		596A40321AC5C5840040A8AE /* favorite-outline@3x.png */ = {isa = PBXFileReference; lastKnownFileType = image.png; path = "favorite-outline@3x.png"; sourceTree = "<group>"; };
		596A403A1AC5C8780040A8AE /* DTCSimplePDFViewController.h */ = {isa = PBXFileReference; fileEncoding = 4; lastKnownFileType = sourcecode.c.h; path = DTCSimplePDFViewController.h; sourceTree = "<group>"; };
		596A403B1AC5C8780040A8AE /* DTCSimplePDFViewController.m */ = {isa = PBXFileReference; fileEncoding = 4; lastKnownFileType = sourcecode.c.objc; path = DTCSimplePDFViewController.m; sourceTree = "<group>"; };
		596A403C1AC5C8780040A8AE /* DTCSimplePDFViewController.xib */ = {isa = PBXFileReference; fileEncoding = 4; lastKnownFileType = file.xib; path = DTCSimplePDFViewController.xib; sourceTree = "<group>"; };
		59764C011ACC500700066F13 /* DTCSandboxURL.h */ = {isa = PBXFileReference; fileEncoding = 4; lastKnownFileType = sourcecode.c.h; path = DTCSandboxURL.h; sourceTree = "<group>"; };
		59764C021ACC500700066F13 /* DTCSandboxURL.m */ = {isa = PBXFileReference; fileEncoding = 4; lastKnownFileType = sourcecode.c.objc; path = DTCSandboxURL.m; sourceTree = "<group>"; };
		597670381AC938560018DD03 /* DTCLibrary.h */ = {isa = PBXFileReference; fileEncoding = 4; lastKnownFileType = sourcecode.c.h; path = DTCLibrary.h; sourceTree = "<group>"; };
		597670391AC938560018DD03 /* DTCLibrary.m */ = {isa = PBXFileReference; fileEncoding = 4; lastKnownFileType = sourcecode.c.objc; path = DTCLibrary.m; sourceTree = "<group>"; };
		5976703B1AC945010018DD03 /* DTCLibraryTableViewController.h */ = {isa = PBXFileReference; fileEncoding = 4; lastKnownFileType = sourcecode.c.h; path = DTCLibraryTableViewController.h; sourceTree = "<group>"; };
		5976703C1AC945010018DD03 /* DTCLibraryTableViewController.m */ = {isa = PBXFileReference; fileEncoding = 4; lastKnownFileType = sourcecode.c.objc; path = DTCLibraryTableViewController.m; sourceTree = "<group>"; };
		597844E51ACAB62800384B49 /* Settings.h */ = {isa = PBXFileReference; lastKnownFileType = sourcecode.c.h; path = Settings.h; sourceTree = "<group>"; };
		5991D2CF1AD007BC004B0088 /* download-icon.png */ = {isa = PBXFileReference; lastKnownFileType = image.png; path = "download-icon.png"; sourceTree = "<group>"; };
		5991D2D01AD007BC004B0088 /* download-icon@2x.png */ = {isa = PBXFileReference; lastKnownFileType = image.png; path = "download-icon@2x.png"; sourceTree = "<group>"; };
		5991D2D11AD007BC004B0088 /* download-icon@3x.png */ = {isa = PBXFileReference; lastKnownFileType = image.png; path = "download-icon@3x.png"; sourceTree = "<group>"; };
		5991D2DB1AD00B6F004B0088 /* DTCBookTableViewCell.h */ = {isa = PBXFileReference; fileEncoding = 4; lastKnownFileType = sourcecode.c.h; path = DTCBookTableViewCell.h; sourceTree = "<group>"; };
		5991D2DC1AD00B6F004B0088 /* DTCBookTableViewCell.m */ = {isa = PBXFileReference; fileEncoding = 4; lastKnownFileType = sourcecode.c.objc; path = DTCBookTableViewCell.m; sourceTree = "<group>"; };
		5991D2DD1AD00B6F004B0088 /* DTCBookTableViewCell.xib */ = {isa = PBXFileReference; fileEncoding = 4; lastKnownFileType = file.xib; path = DTCBookTableViewCell.xib; sourceTree = "<group>"; };
		5991D2E01AD01028004B0088 /* downloaded-icon.png */ = {isa = PBXFileReference; lastKnownFileType = image.png; path = "downloaded-icon.png"; sourceTree = "<group>"; };
		5991D2E11AD01028004B0088 /* downloaded-icon@2x.png */ = {isa = PBXFileReference; lastKnownFileType = image.png; path = "downloaded-icon@2x.png"; sourceTree = "<group>"; };
		5991D2E21AD01028004B0088 /* downloaded-icon@3x.png */ = {isa = PBXFileReference; lastKnownFileType = image.png; path = "downloaded-icon@3x.png"; sourceTree = "<group>"; };
		59A4CC4C1AD133F6007B94CF /* Starjedi.ttf */ = {isa = PBXFileReference; lastKnownFileType = file; path = Starjedi.ttf; sourceTree = "<group>"; };
		59A4CC4E1AD14A48007B94CF /* pen-icon.png */ = {isa = PBXFileReference; lastKnownFileType = image.png; path = "pen-icon.png"; sourceTree = "<group>"; };
		59A4CC4F1AD14A48007B94CF /* pen-icon@2x.png */ = {isa = PBXFileReference; lastKnownFileType = image.png; path = "pen-icon@2x.png"; sourceTree = "<group>"; };
		59A4CC501AD14A48007B94CF /* pen-icon@3x.png */ = {isa = PBXFileReference; lastKnownFileType = image.png; path = "pen-icon@3x.png"; sourceTree = "<group>"; };
		59A4CC541AD14B6D007B94CF /* tag-icon.png */ = {isa = PBXFileReference; lastKnownFileType = image.png; path = "tag-icon.png"; sourceTree = "<group>"; };
		59A4CC551AD14B6D007B94CF /* tag-icon@2x.png */ = {isa = PBXFileReference; lastKnownFileType = image.png; path = "tag-icon@2x.png"; sourceTree = "<group>"; };
		59A4CC561AD14B6D007B94CF /* tag-icon@3x.png */ = {isa = PBXFileReference; lastKnownFileType = image.png; path = "tag-icon@3x.png"; sourceTree = "<group>"; };
		59A4CC5E1AD1A819007B94CF /* DTCBookViewController~iphone.xib */ = {isa = PBXFileReference; fileEncoding = 4; lastKnownFileType = file.xib; path = "DTCBookViewController~iphone.xib"; sourceTree = "<group>"; };
		59A4CC601AD1D726007B94CF /* Library-wallpaper.jpg */ = {isa = PBXFileReference; lastKnownFileType = image.jpeg; path = "Library-wallpaper.jpg"; sourceTree = "<group>"; };
/* End PBXFileReference section */

/* Begin PBXFrameworksBuildPhase section */
		596A3FFD1AC5B5490040A8AE /* Frameworks */ = {
			isa = PBXFrameworksBuildPhase;
			buildActionMask = 2147483647;
			files = (
			);
			runOnlyForDeploymentPostprocessing = 0;
		};
		596A40101AC5B5490040A8AE /* Frameworks */ = {
			isa = PBXFrameworksBuildPhase;
			buildActionMask = 2147483647;
			files = (
			);
			runOnlyForDeploymentPostprocessing = 0;
		};
/* End PBXFrameworksBuildPhase section */

/* Begin PBXGroup section */
		596A3FF71AC5B5490040A8AE = {
			isa = PBXGroup;
			children = (
				596A40021AC5B5490040A8AE /* HackerBooks */,
				596A40161AC5B5490040A8AE /* HackerBooksTests */,
				596A40011AC5B5490040A8AE /* Products */,
			);
			sourceTree = "<group>";
		};
		596A40011AC5B5490040A8AE /* Products */ = {
			isa = PBXGroup;
			children = (
				596A40001AC5B5490040A8AE /* HackerBooks.app */,
				596A40131AC5B5490040A8AE /* HackerBooksTests.xctest */,
			);
			name = Products;
			sourceTree = "<group>";
		};
		596A40021AC5B5490040A8AE /* HackerBooks */ = {
			isa = PBXGroup;
			children = (
				596A40391AC5C58A0040A8AE /* Resources */,
				596A40261AC5B88E0040A8AE /* Models */,
				5991D2CE1ACFF977004B0088 /* Views */,
				596A402C1AC5BF170040A8AE /* Controllers */,
				596A40071AC5B5490040A8AE /* AppDelegate.h */,
				596A40081AC5B5490040A8AE /* AppDelegate.m */,
				596A400A1AC5B5490040A8AE /* Images.xcassets */,
				596A400C1AC5B5490040A8AE /* LaunchScreen.xib */,
				596A40031AC5B5490040A8AE /* Supporting Files */,
				597844E61ACAE29000384B49 /* Helpers */,
			);
			path = HackerBooks;
			sourceTree = "<group>";
		};
		596A40031AC5B5490040A8AE /* Supporting Files */ = {
			isa = PBXGroup;
			children = (
				596A40041AC5B5490040A8AE /* Info.plist */,
				596A40051AC5B5490040A8AE /* main.m */,
			);
			name = "Supporting Files";
			sourceTree = "<group>";
		};
		596A40161AC5B5490040A8AE /* HackerBooksTests */ = {
			isa = PBXGroup;
			children = (
				596A40191AC5B5490040A8AE /* HackerBooksTests.m */,
				596A40171AC5B5490040A8AE /* Supporting Files */,
			);
			path = HackerBooksTests;
			sourceTree = "<group>";
		};
		596A40171AC5B5490040A8AE /* Supporting Files */ = {
			isa = PBXGroup;
			children = (
				596A40181AC5B5490040A8AE /* Info.plist */,
			);
			name = "Supporting Files";
			sourceTree = "<group>";
		};
		596A40261AC5B88E0040A8AE /* Models */ = {
			isa = PBXGroup;
			children = (
				596A40231AC5B87F0040A8AE /* DTCBook.h */,
				596A40241AC5B87F0040A8AE /* DTCBook.m */,
				597670381AC938560018DD03 /* DTCLibrary.h */,
				597670391AC938560018DD03 /* DTCLibrary.m */,
			);
			name = Models;
			sourceTree = "<group>";
		};
		596A402C1AC5BF170040A8AE /* Controllers */ = {
			isa = PBXGroup;
			children = (
				596A40271AC5BE140040A8AE /* DTCBookViewController.h */,
				596A40281AC5BE140040A8AE /* DTCBookViewController.m */,
				596A40291AC5BE140040A8AE /* DTCBookViewController.xib */,
				5976703B1AC945010018DD03 /* DTCLibraryTableViewController.h */,
				5976703C1AC945010018DD03 /* DTCLibraryTableViewController.m */,
				596A403A1AC5C8780040A8AE /* DTCSimplePDFViewController.h */,
				596A403B1AC5C8780040A8AE /* DTCSimplePDFViewController.m */,
				596A403C1AC5C8780040A8AE /* DTCSimplePDFViewController.xib */,
				59A4CC5E1AD1A819007B94CF /* DTCBookViewController~iphone.xib */,
			);
			name = Controllers;
			sourceTree = "<group>";
		};
		596A40391AC5C58A0040A8AE /* Resources */ = {
			isa = PBXGroup;
			children = (
				59A4CC4C1AD133F6007B94CF /* Starjedi.ttf */,
				5991D2CF1AD007BC004B0088 /* download-icon.png */,
				5991D2D01AD007BC004B0088 /* download-icon@2x.png */,
				5991D2D11AD007BC004B0088 /* download-icon@3x.png */,
				59A4CC4E1AD14A48007B94CF /* pen-icon.png */,
				59A4CC4F1AD14A48007B94CF /* pen-icon@2x.png */,
				59A4CC501AD14A48007B94CF /* pen-icon@3x.png */,
				59A4CC601AD1D726007B94CF /* Library-wallpaper.jpg */,
				5991D2E01AD01028004B0088 /* downloaded-icon.png */,
				5991D2E11AD01028004B0088 /* downloaded-icon@2x.png */,
				5991D2E21AD01028004B0088 /* downloaded-icon@3x.png */,
				596A402D1AC5C5840040A8AE /* favorite-filled.png */,
				59A4CC541AD14B6D007B94CF /* tag-icon.png */,
				59A4CC551AD14B6D007B94CF /* tag-icon@2x.png */,
				59A4CC561AD14B6D007B94CF /* tag-icon@3x.png */,
				596A402E1AC5C5840040A8AE /* favorite-filled@2x.png */,
				596A402F1AC5C5840040A8AE /* favorite-filled@3x.png */,
				596A40301AC5C5840040A8AE /* favorite-outline.png */,
				596A40311AC5C5840040A8AE /* favorite-outline@2x.png */,
				596A40321AC5C5840040A8AE /* favorite-outline@3x.png */,
			);
			name = Resources;
			sourceTree = "<group>";
		};
		597844E61ACAE29000384B49 /* Helpers */ = {
			isa = PBXGroup;
			children = (
				597844E51ACAB62800384B49 /* Settings.h */,
				59764C011ACC500700066F13 /* DTCSandboxURL.h */,
				59764C021ACC500700066F13 /* DTCSandboxURL.m */,
			);
			name = Helpers;
			sourceTree = "<group>";
		};
		5991D2CE1ACFF977004B0088 /* Views */ = {
			isa = PBXGroup;
			children = (
				5991D2DB1AD00B6F004B0088 /* DTCBookTableViewCell.h */,
				5991D2DC1AD00B6F004B0088 /* DTCBookTableViewCell.m */,
				5991D2DD1AD00B6F004B0088 /* DTCBookTableViewCell.xib */,
			);
			name = Views;
			sourceTree = "<group>";
		};
/* End PBXGroup section */

/* Begin PBXNativeTarget section */
		596A3FFF1AC5B5490040A8AE /* HackerBooks */ = {
			isa = PBXNativeTarget;
			buildConfigurationList = 596A401D1AC5B5490040A8AE /* Build configuration list for PBXNativeTarget "HackerBooks" */;
			buildPhases = (
				596A3FFC1AC5B5490040A8AE /* Sources */,
				596A3FFD1AC5B5490040A8AE /* Frameworks */,
				596A3FFE1AC5B5490040A8AE /* Resources */,
			);
			buildRules = (
			);
			dependencies = (
			);
			name = HackerBooks;
			productName = HackerBooks;
			productReference = 596A40001AC5B5490040A8AE /* HackerBooks.app */;
			productType = "com.apple.product-type.application";
		};
		596A40121AC5B5490040A8AE /* HackerBooksTests */ = {
			isa = PBXNativeTarget;
			buildConfigurationList = 596A40201AC5B5490040A8AE /* Build configuration list for PBXNativeTarget "HackerBooksTests" */;
			buildPhases = (
				596A400F1AC5B5490040A8AE /* Sources */,
				596A40101AC5B5490040A8AE /* Frameworks */,
				596A40111AC5B5490040A8AE /* Resources */,
			);
			buildRules = (
			);
			dependencies = (
				596A40151AC5B5490040A8AE /* PBXTargetDependency */,
			);
			name = HackerBooksTests;
			productName = HackerBooksTests;
			productReference = 596A40131AC5B5490040A8AE /* HackerBooksTests.xctest */;
			productType = "com.apple.product-type.bundle.unit-test";
		};
/* End PBXNativeTarget section */

/* Begin PBXProject section */
		596A3FF81AC5B5490040A8AE /* Project object */ = {
			isa = PBXProject;
			attributes = {
				LastUpgradeCheck = 0620;
				ORGANIZATIONNAME = "David de Tena";
				TargetAttributes = {
					596A3FFF1AC5B5490040A8AE = {
						CreatedOnToolsVersion = 6.2;
						DevelopmentTeam = QF5L9JVR92;
					};
					596A40121AC5B5490040A8AE = {
						CreatedOnToolsVersion = 6.2;
						TestTargetID = 596A3FFF1AC5B5490040A8AE;
					};
				};
			};
			buildConfigurationList = 596A3FFB1AC5B5490040A8AE /* Build configuration list for PBXProject "HackerBooks" */;
			compatibilityVersion = "Xcode 3.2";
			developmentRegion = English;
			hasScannedForEncodings = 0;
			knownRegions = (
				en,
				Base,
			);
			mainGroup = 596A3FF71AC5B5490040A8AE;
			productRefGroup = 596A40011AC5B5490040A8AE /* Products */;
			projectDirPath = "";
			projectRoot = "";
			targets = (
				596A3FFF1AC5B5490040A8AE /* HackerBooks */,
				596A40121AC5B5490040A8AE /* HackerBooksTests */,
			);
		};
/* End PBXProject section */

/* Begin PBXResourcesBuildPhase section */
		596A3FFE1AC5B5490040A8AE /* Resources */ = {
			isa = PBXResourcesBuildPhase;
			buildActionMask = 2147483647;
			files = (
				59A4CC4D1AD1340B007B94CF /* Starjedi.ttf in Resources */,
				5991D2D71AD007BC004B0088 /* download-icon@3x.png in Resources */,
				59A4CC5F1AD1A819007B94CF /* DTCBookViewController~iphone.xib in Resources */,
				596A40341AC5C5840040A8AE /* favorite-filled@2x.png in Resources */,
				596A40371AC5C5840040A8AE /* favorite-outline@2x.png in Resources */,
				596A400E1AC5B5490040A8AE /* LaunchScreen.xib in Resources */,
				596A40381AC5C5840040A8AE /* favorite-outline@3x.png in Resources */,
				596A402B1AC5BE140040A8AE /* DTCBookViewController.xib in Resources */,
				59A4CC531AD14A48007B94CF /* pen-icon@3x.png in Resources */,
				59A4CC581AD14B6D007B94CF /* tag-icon@2x.png in Resources */,
				59A4CC611AD1D726007B94CF /* Library-wallpaper.jpg in Resources */,
				596A403E1AC5C8780040A8AE /* DTCSimplePDFViewController.xib in Resources */,
				59A4CC571AD14B6D007B94CF /* tag-icon.png in Resources */,
				596A40361AC5C5840040A8AE /* favorite-outline.png in Resources */,
				596A40351AC5C5840040A8AE /* favorite-filled@3x.png in Resources */,
				5991D2E31AD01028004B0088 /* downloaded-icon.png in Resources */,
				5991D2E41AD01028004B0088 /* downloaded-icon@2x.png in Resources */,
				59A4CC511AD14A48007B94CF /* pen-icon.png in Resources */,
				59A4CC521AD14A48007B94CF /* pen-icon@2x.png in Resources */,
				596A400B1AC5B5490040A8AE /* Images.xcassets in Resources */,
				5991D2DF1AD00B6F004B0088 /* DTCBookTableViewCell.xib in Resources */,
				5991D2D51AD007BC004B0088 /* download-icon.png in Resources */,
				596A40331AC5C5840040A8AE /* favorite-filled.png in Resources */,
				5991D2D61AD007BC004B0088 /* download-icon@2x.png in Resources */,
				5991D2E51AD01028004B0088 /* downloaded-icon@3x.png in Resources */,
				59A4CC591AD14B6D007B94CF /* tag-icon@3x.png in Resources */,
			);
			runOnlyForDeploymentPostprocessing = 0;
		};
		596A40111AC5B5490040A8AE /* Resources */ = {
			isa = PBXResourcesBuildPhase;
			buildActionMask = 2147483647;
			files = (
			);
			runOnlyForDeploymentPostprocessing = 0;
		};
/* End PBXResourcesBuildPhase section */

/* Begin PBXSourcesBuildPhase section */
		596A3FFC1AC5B5490040A8AE /* Sources */ = {
			isa = PBXSourcesBuildPhase;
			buildActionMask = 2147483647;
			files = (
				596A40251AC5B87F0040A8AE /* DTCBook.m in Sources */,
				5976703A1AC938560018DD03 /* DTCLibrary.m in Sources */,
				5991D2DE1AD00B6F004B0088 /* DTCBookTableViewCell.m in Sources */,
				5976703D1AC945010018DD03 /* DTCLibraryTableViewController.m in Sources */,
				596A40091AC5B5490040A8AE /* AppDelegate.m in Sources */,
				596A40061AC5B5490040A8AE /* main.m in Sources */,
				596A403D1AC5C8780040A8AE /* DTCSimplePDFViewController.m in Sources */,
				596A402A1AC5BE140040A8AE /* DTCBookViewController.m in Sources */,
				59764C031ACC500700066F13 /* DTCSandboxURL.m in Sources */,
			);
			runOnlyForDeploymentPostprocessing = 0;
		};
		596A400F1AC5B5490040A8AE /* Sources */ = {
			isa = PBXSourcesBuildPhase;
			buildActionMask = 2147483647;
			files = (
				596A401A1AC5B5490040A8AE /* HackerBooksTests.m in Sources */,
			);
			runOnlyForDeploymentPostprocessing = 0;
		};
/* End PBXSourcesBuildPhase section */

/* Begin PBXTargetDependency section */
		596A40151AC5B5490040A8AE /* PBXTargetDependency */ = {
			isa = PBXTargetDependency;
			target = 596A3FFF1AC5B5490040A8AE /* HackerBooks */;
			targetProxy = 596A40141AC5B5490040A8AE /* PBXContainerItemProxy */;
		};
/* End PBXTargetDependency section */

/* Begin PBXVariantGroup section */
		596A400C1AC5B5490040A8AE /* LaunchScreen.xib */ = {
			isa = PBXVariantGroup;
			children = (
				596A400D1AC5B5490040A8AE /* Base */,
			);
			name = LaunchScreen.xib;
			sourceTree = "<group>";
		};
/* End PBXVariantGroup section */

/* Begin XCBuildConfiguration section */
		596A401B1AC5B5490040A8AE /* Debug */ = {
			isa = XCBuildConfiguration;
			buildSettings = {
				ALWAYS_SEARCH_USER_PATHS = NO;
				CLANG_CXX_LANGUAGE_STANDARD = "gnu++0x";
				CLANG_CXX_LIBRARY = "libc++";
				CLANG_ENABLE_MODULES = YES;
				CLANG_ENABLE_OBJC_ARC = YES;
				CLANG_WARN_BOOL_CONVERSION = YES;
				CLANG_WARN_CONSTANT_CONVERSION = YES;
				CLANG_WARN_DIRECT_OBJC_ISA_USAGE = YES_ERROR;
				CLANG_WARN_EMPTY_BODY = YES;
				CLANG_WARN_ENUM_CONVERSION = YES;
				CLANG_WARN_INT_CONVERSION = YES;
				CLANG_WARN_OBJC_ROOT_CLASS = YES_ERROR;
				CLANG_WARN_UNREACHABLE_CODE = YES;
				CLANG_WARN__DUPLICATE_METHOD_MATCH = YES;
				"CODE_SIGN_IDENTITY[sdk=iphoneos*]" = "iPhone Developer";
				COPY_PHASE_STRIP = NO;
				ENABLE_STRICT_OBJC_MSGSEND = YES;
				GCC_C_LANGUAGE_STANDARD = gnu99;
				GCC_DYNAMIC_NO_PIC = NO;
				GCC_OPTIMIZATION_LEVEL = 0;
				GCC_PREPROCESSOR_DEFINITIONS = (
					"DEBUG=1",
					"$(inherited)",
				);
				GCC_SYMBOLS_PRIVATE_EXTERN = NO;
				GCC_WARN_64_TO_32_BIT_CONVERSION = YES;
				GCC_WARN_ABOUT_RETURN_TYPE = YES_ERROR;
				GCC_WARN_UNDECLARED_SELECTOR = YES;
				GCC_WARN_UNINITIALIZED_AUTOS = YES_AGGRESSIVE;
				GCC_WARN_UNUSED_FUNCTION = YES;
				GCC_WARN_UNUSED_VARIABLE = YES;
				IPHONEOS_DEPLOYMENT_TARGET = 8.2;
				MTL_ENABLE_DEBUG_INFO = YES;
				ONLY_ACTIVE_ARCH = YES;
				SDKROOT = iphoneos;
				TARGETED_DEVICE_FAMILY = 2;
			};
			name = Debug;
		};
		596A401C1AC5B5490040A8AE /* Release */ = {
			isa = XCBuildConfiguration;
			buildSettings = {
				ALWAYS_SEARCH_USER_PATHS = NO;
				CLANG_CXX_LANGUAGE_STANDARD = "gnu++0x";
				CLANG_CXX_LIBRARY = "libc++";
				CLANG_ENABLE_MODULES = YES;
				CLANG_ENABLE_OBJC_ARC = YES;
				CLANG_WARN_BOOL_CONVERSION = YES;
				CLANG_WARN_CONSTANT_CONVERSION = YES;
				CLANG_WARN_DIRECT_OBJC_ISA_USAGE = YES_ERROR;
				CLANG_WARN_EMPTY_BODY = YES;
				CLANG_WARN_ENUM_CONVERSION = YES;
				CLANG_WARN_INT_CONVERSION = YES;
				CLANG_WARN_OBJC_ROOT_CLASS = YES_ERROR;
				CLANG_WARN_UNREACHABLE_CODE = YES;
				CLANG_WARN__DUPLICATE_METHOD_MATCH = YES;
				"CODE_SIGN_IDENTITY[sdk=iphoneos*]" = "iPhone Developer";
				COPY_PHASE_STRIP = NO;
				ENABLE_NS_ASSERTIONS = NO;
				ENABLE_STRICT_OBJC_MSGSEND = YES;
				GCC_C_LANGUAGE_STANDARD = gnu99;
				GCC_WARN_64_TO_32_BIT_CONVERSION = YES;
				GCC_WARN_ABOUT_RETURN_TYPE = YES_ERROR;
				GCC_WARN_UNDECLARED_SELECTOR = YES;
				GCC_WARN_UNINITIALIZED_AUTOS = YES_AGGRESSIVE;
				GCC_WARN_UNUSED_FUNCTION = YES;
				GCC_WARN_UNUSED_VARIABLE = YES;
				IPHONEOS_DEPLOYMENT_TARGET = 8.2;
				MTL_ENABLE_DEBUG_INFO = NO;
				SDKROOT = iphoneos;
				TARGETED_DEVICE_FAMILY = 2;
				VALIDATE_PRODUCT = YES;
			};
			name = Release;
		};
		596A401E1AC5B5490040A8AE /* Debug */ = {
			isa = XCBuildConfiguration;
			buildSettings = {
				ASSETCATALOG_COMPILER_APPICON_NAME = AppIcon;
				CODE_SIGN_IDENTITY = "iPhone Developer";
				"CODE_SIGN_IDENTITY[sdk=iphoneos*]" = "iPhone Developer";
				INFOPLIST_FILE = HackerBooks/Info.plist;
				LD_RUNPATH_SEARCH_PATHS = "$(inherited) @executable_path/Frameworks";
				PRODUCT_NAME = "$(TARGET_NAME)";
				PROVISIONING_PROFILE = "";
				TARGETED_DEVICE_FAMILY = "1,2";
			};
			name = Debug;
		};
		596A401F1AC5B5490040A8AE /* Release */ = {
			isa = XCBuildConfiguration;
			buildSettings = {
				ASSETCATALOG_COMPILER_APPICON_NAME = AppIcon;
				CODE_SIGN_IDENTITY = "iPhone Developer";
				"CODE_SIGN_IDENTITY[sdk=iphoneos*]" = "iPhone Developer";
				INFOPLIST_FILE = HackerBooks/Info.plist;
				LD_RUNPATH_SEARCH_PATHS = "$(inherited) @executable_path/Frameworks";
				PRODUCT_NAME = "$(TARGET_NAME)";
				PROVISIONING_PROFILE = "";
				TARGETED_DEVICE_FAMILY = "1,2";
			};
			name = Release;
		};
		596A40211AC5B5490040A8AE /* Debug */ = {
			isa = XCBuildConfiguration;
			buildSettings = {
				BUNDLE_LOADER = "$(TEST_HOST)";
				FRAMEWORK_SEARCH_PATHS = (
					"$(SDKROOT)/Developer/Library/Frameworks",
					"$(inherited)",
				);
				GCC_PREPROCESSOR_DEFINITIONS = (
					"DEBUG=1",
					"$(inherited)",
				);
				INFOPLIST_FILE = HackerBooksTests/Info.plist;
				LD_RUNPATH_SEARCH_PATHS = "$(inherited) @executable_path/Frameworks @loader_path/Frameworks";
				PRODUCT_NAME = "$(TARGET_NAME)";
				TEST_HOST = "$(BUILT_PRODUCTS_DIR)/HackerBooks.app/HackerBooks";
			};
			name = Debug;
		};
		596A40221AC5B5490040A8AE /* Release */ = {
			isa = XCBuildConfiguration;
			buildSettings = {
				BUNDLE_LOADER = "$(TEST_HOST)";
				FRAMEWORK_SEARCH_PATHS = (
					"$(SDKROOT)/Developer/Library/Frameworks",
					"$(inherited)",
				);
				INFOPLIST_FILE = HackerBooksTests/Info.plist;
				LD_RUNPATH_SEARCH_PATHS = "$(inherited) @executable_path/Frameworks @loader_path/Frameworks";
				PRODUCT_NAME = "$(TARGET_NAME)";
				TEST_HOST = "$(BUILT_PRODUCTS_DIR)/HackerBooks.app/HackerBooks";
			};
			name = Release;
		};
/* End XCBuildConfiguration section */

/* Begin XCConfigurationList section */
		596A3FFB1AC5B5490040A8AE /* Build configuration list for PBXProject "HackerBooks" */ = {
			isa = XCConfigurationList;
			buildConfigurations = (
				596A401B1AC5B5490040A8AE /* Debug */,
				596A401C1AC5B5490040A8AE /* Release */,
			);
			defaultConfigurationIsVisible = 0;
			defaultConfigurationName = Release;
		};
		596A401D1AC5B5490040A8AE /* Build configuration list for PBXNativeTarget "HackerBooks" */ = {
			isa = XCConfigurationList;
			buildConfigurations = (
				596A401E1AC5B5490040A8AE /* Debug */,
				596A401F1AC5B5490040A8AE /* Release */,
			);
			defaultConfigurationIsVisible = 0;
			defaultConfigurationName = Release;
		};
		596A40201AC5B5490040A8AE /* Build configuration list for PBXNativeTarget "HackerBooksTests" */ = {
			isa = XCConfigurationList;
			buildConfigurations = (
				596A40211AC5B5490040A8AE /* Debug */,
				596A40221AC5B5490040A8AE /* Release */,
			);
			defaultConfigurationIsVisible = 0;
			defaultConfigurationName = Release;
		};
/* End XCConfigurationList section */
	};
	rootObject = 596A3FF81AC5B5490040A8AE /* Project object */;
}
